
Microsoft Visual Studio Solution File, Format Version 12.00
# Visual Studio 15
VisualStudioVersion = 15.0.26124.0
MinimumVisualStudioVersion = 15.0.26124.0
Project("{FAE04EC0-301F-11D3-BF4B-00C04F79EFBC}") = "AuthService", "AuthService\AuthService.csproj", "{12F52ADC-9CDB-4D4B-9024-4017D69688B7}"
EndProject
Project("{FAE04EC0-301F-11D3-BF4B-00C04F79EFBC}") = "GeoCalcService", "GeoCalcService\GeoCalcService.csproj", "{91A37189-235A-4770-882E-7D252493E3C3}"
EndProject
Project("{FAE04EC0-301F-11D3-BF4B-00C04F79EFBC}") = "Models", "Models\Models.csproj", "{1B0CF605-935E-4579-A579-7EB9F60324F8}"
EndProject
Project("{FAE04EC0-301F-11D3-BF4B-00C04F79EFBC}") = "Shared", "Shared\Shared.csproj", "{919C1C88-EE77-4946-A1E2-EB6DD7D4377E}"
EndProject
Global
	GlobalSection(SolutionConfigurationPlatforms) = preSolution
		Debug|Any CPU = Debug|Any CPU
		Debug|x64 = Debug|x64
		Debug|x86 = Debug|x86
		Release|Any CPU = Release|Any CPU
		Release|x64 = Release|x64
		Release|x86 = Release|x86
	EndGlobalSection
	GlobalSection(SolutionProperties) = preSolution
		HideSolutionNode = FALSE
	EndGlobalSection
	GlobalSection(ProjectConfigurationPlatforms) = postSolution
		{12F52ADC-9CDB-4D4B-9024-4017D69688B7}.Debug|Any CPU.ActiveCfg = Debug|Any CPU
		{12F52ADC-9CDB-4D4B-9024-4017D69688B7}.Debug|Any CPU.Build.0 = Debug|Any CPU
		{12F52ADC-9CDB-4D4B-9024-4017D69688B7}.Debug|x64.ActiveCfg = Debug|Any CPU
		{12F52ADC-9CDB-4D4B-9024-4017D69688B7}.Debug|x64.Build.0 = Debug|Any CPU
		{12F52ADC-9CDB-4D4B-9024-4017D69688B7}.Debug|x86.ActiveCfg = Debug|Any CPU
		{12F52ADC-9CDB-4D4B-9024-4017D69688B7}.Debug|x86.Build.0 = Debug|Any CPU
		{12F52ADC-9CDB-4D4B-9024-4017D69688B7}.Release|Any CPU.ActiveCfg = Release|Any CPU
		{12F52ADC-9CDB-4D4B-9024-4017D69688B7}.Release|Any CPU.Build.0 = Release|Any CPU
		{12F52ADC-9CDB-4D4B-9024-4017D69688B7}.Release|x64.ActiveCfg = Release|Any CPU
		{12F52ADC-9CDB-4D4B-9024-4017D69688B7}.Release|x64.Build.0 = Release|Any CPU
		{12F52ADC-9CDB-4D4B-9024-4017D69688B7}.Release|x86.ActiveCfg = Release|Any CPU
		{12F52ADC-9CDB-4D4B-9024-4017D69688B7}.Release|x86.Build.0 = Release|Any CPU
		{91A37189-235A-4770-882E-7D252493E3C3}.Debug|Any CPU.ActiveCfg = Debug|Any CPU
		{91A37189-235A-4770-882E-7D252493E3C3}.Debug|Any CPU.Build.0 = Debug|Any CPU
		{91A37189-235A-4770-882E-7D252493E3C3}.Debug|x64.ActiveCfg = Debug|Any CPU
		{91A37189-235A-4770-882E-7D252493E3C3}.Debug|x64.Build.0 = Debug|Any CPU
		{91A37189-235A-4770-882E-7D252493E3C3}.Debug|x86.ActiveCfg = Debug|Any CPU
		{91A37189-235A-4770-882E-7D252493E3C3}.Debug|x86.Build.0 = Debug|Any CPU
		{91A37189-235A-4770-882E-7D252493E3C3}.Release|Any CPU.ActiveCfg = Release|Any CPU
		{91A37189-235A-4770-882E-7D252493E3C3}.Release|Any CPU.Build.0 = Release|Any CPU
		{91A37189-235A-4770-882E-7D252493E3C3}.Release|x64.ActiveCfg = Release|Any CPU
		{91A37189-235A-4770-882E-7D252493E3C3}.Release|x64.Build.0 = Release|Any CPU
		{91A37189-235A-4770-882E-7D252493E3C3}.Release|x86.ActiveCfg = Release|Any CPU
		{91A37189-235A-4770-882E-7D252493E3C3}.Release|x86.Build.0 = Release|Any CPU
		{1B0CF605-935E-4579-A579-7EB9F60324F8}.Debug|Any CPU.ActiveCfg = Debug|Any CPU
		{1B0CF605-935E-4579-A579-7EB9F60324F8}.Debug|Any CPU.Build.0 = Debug|Any CPU
		{1B0CF605-935E-4579-A579-7EB9F60324F8}.Debug|x64.ActiveCfg = Debug|Any CPU
		{1B0CF605-935E-4579-A579-7EB9F60324F8}.Debug|x64.Build.0 = Debug|Any CPU
		{1B0CF605-935E-4579-A579-7EB9F60324F8}.Debug|x86.ActiveCfg = Debug|Any CPU
		{1B0CF605-935E-4579-A579-7EB9F60324F8}.Debug|x86.Build.0 = Debug|Any CPU
		{1B0CF605-935E-4579-A579-7EB9F60324F8}.Release|Any CPU.ActiveCfg = Release|Any CPU
		{1B0CF605-935E-4579-A579-7EB9F60324F8}.Release|Any CPU.Build.0 = Release|Any CPU
		{1B0CF605-935E-4579-A579-7EB9F60324F8}.Release|x64.ActiveCfg = Release|Any CPU
		{1B0CF605-935E-4579-A579-7EB9F60324F8}.Release|x64.Build.0 = Release|Any CPU
		{1B0CF605-935E-4579-A579-7EB9F60324F8}.Release|x86.ActiveCfg = Release|Any CPU
		{1B0CF605-935E-4579-A579-7EB9F60324F8}.Release|x86.Build.0 = Release|Any CPU
		{919C1C88-EE77-4946-A1E2-EB6DD7D4377E}.Debug|Any CPU.ActiveCfg = Debug|Any CPU
		{919C1C88-EE77-4946-A1E2-EB6DD7D4377E}.Debug|Any CPU.Build.0 = Debug|Any CPU
		{919C1C88-EE77-4946-A1E2-EB6DD7D4377E}.Debug|x64.ActiveCfg = Debug|Any CPU
		{919C1C88-EE77-4946-A1E2-EB6DD7D4377E}.Debug|x64.Build.0 = Debug|Any CPU
		{919C1C88-EE77-4946-A1E2-EB6DD7D4377E}.Debug|x86.ActiveCfg = Debug|Any CPU
		{919C1C88-EE77-4946-A1E2-EB6DD7D4377E}.Debug|x86.Build.0 = Debug|Any CPU
		{919C1C88-EE77-4946-A1E2-EB6DD7D4377E}.Release|Any CPU.ActiveCfg = Release|Any CPU
		{919C1C88-EE77-4946-A1E2-EB6DD7D4377E}.Release|Any CPU.Build.0 = Release|Any CPU
		{919C1C88-EE77-4946-A1E2-EB6DD7D4377E}.Release|x64.ActiveCfg = Release|Any CPU
		{919C1C88-EE77-4946-A1E2-EB6DD7D4377E}.Release|x64.Build.0 = Release|Any CPU
		{919C1C88-EE77-4946-A1E2-EB6DD7D4377E}.Release|x86.ActiveCfg = Release|Any CPU
		{919C1C88-EE77-4946-A1E2-EB6DD7D4377E}.Release|x86.Build.0 = Release|Any CPU
	EndGlobalSection
EndGlobal
